
Microsoft Visual Studio Solution File, Format Version 12.00
# Visual Studio Version 17
VisualStudioVersion = 17.6.33801.468
MinimumVisualStudioVersion = 10.0.40219.1
Project("{FAE04EC0-301F-11D3-BF4B-00C04F79EFBC}") = "FilmesAPI", "FilmesAPI\FilmesAPI.csproj", "{1484E6A3-DB32-4578-BCA5-5CE280A9F79F}"
EndProject
Global
	GlobalSection(SolutionConfigurationPlatforms) = preSolution
		Debug|Any CPU = Debug|Any CPU
		Release|Any CPU = Release|Any CPU
	EndGlobalSection
	GlobalSection(ProjectConfigurationPlatforms) = postSolution
		{1484E6A3-DB32-4578-BCA5-5CE280A9F79F}.Debug|Any CPU.ActiveCfg = Debug|Any CPU
		{1484E6A3-DB32-4578-BCA5-5CE280A9F79F}.Debug|Any CPU.Build.0 = Debug|Any CPU
		{1484E6A3-DB32-4578-BCA5-5CE280A9F79F}.Release|Any CPU.ActiveCfg = Release|Any CPU
		{1484E6A3-DB32-4578-BCA5-5CE280A9F79F}.Release|Any CPU.Build.0 = Release|Any CPU
	EndGlobalSection
	GlobalSection(SolutionProperties) = preSolution
		HideSolutionNode = FALSE
	EndGlobalSection
	GlobalSection(ExtensibilityGlobals) = postSolution
		SolutionGuid = {7BD1DB7D-E065-4BE6-BE3D-A32BABD4F6A4}
	EndGlobalSection
EndGlobal
